
Microsoft Visual Studio Solution File, Format Version 11.00
# Visual Studio 2010
Project("{8BC9CEB8-8B4A-11D0-8D11-00A0C91BC942}") = "2016_12_16_继承    private", "2016_12_16_继承    private.vcxproj", "{3BEE1ED5-4A72-4921-B4A4-1BC2A36A73EB}"
EndProject
Global
	GlobalSection(SolutionConfigurationPlatforms) = preSolution
		Debug|Win32 = Debug|Win32
		Release|Win32 = Release|Win32
	EndGlobalSection
	GlobalSection(ProjectConfigurationPlatforms) = postSolution
		{3BEE1ED5-4A72-4921-B4A4-1BC2A36A73EB}.Debug|Win32.ActiveCfg = Debug|Win32
		{3BEE1ED5-4A72-4921-B4A4-1BC2A36A73EB}.Debug|Win32.Build.0 = Debug|Win32
		{3BEE1ED5-4A72-4921-B4A4-1BC2A36A73EB}.Release|Win32.ActiveCfg = Release|Win32
		{3BEE1ED5-4A72-4921-B4A4-1BC2A36A73EB}.Release|Win32.Build.0 = Release|Win32
	EndGlobalSection
	GlobalSection(SolutionProperties) = preSolution
		HideSolutionNode = FALSE
	EndGlobalSection
EndGlobal
