
Microsoft Visual Studio Solution File, Format Version 11.00
# Visual Studio 2010
Project("{8BC9CEB8-8B4A-11D0-8D11-00A0C91BC942}") = "2016-9-3--链表实验", "2016-9-3--链表实验.vcxproj", "{6D135849-6A93-44A5-856B-800F5D421B96}"
EndProject
Global
	GlobalSection(SolutionConfigurationPlatforms) = preSolution
		Debug|Win32 = Debug|Win32
		Release|Win32 = Release|Win32
	EndGlobalSection
	GlobalSection(ProjectConfigurationPlatforms) = postSolution
		{6D135849-6A93-44A5-856B-800F5D421B96}.Debug|Win32.ActiveCfg = Debug|Win32
		{6D135849-6A93-44A5-856B-800F5D421B96}.Debug|Win32.Build.0 = Debug|Win32
		{6D135849-6A93-44A5-856B-800F5D421B96}.Release|Win32.ActiveCfg = Release|Win32
		{6D135849-6A93-44A5-856B-800F5D421B96}.Release|Win32.Build.0 = Release|Win32
	EndGlobalSection
	GlobalSection(SolutionProperties) = preSolution
		HideSolutionNode = FALSE
	EndGlobalSection
EndGlobal
