
Microsoft Visual Studio Solution File, Format Version 11.00
# Visual Studio 2010
Project("{8BC9CEB8-8B4A-11D0-8D11-00A0C91BC942}") = "c++ 4-10", "c++ 4-10.vcxproj", "{B1046D54-AE5A-4024-828E-2E994681520E}"
EndProject
Global
	GlobalSection(SolutionConfigurationPlatforms) = preSolution
		Debug|Win32 = Debug|Win32
		Release|Win32 = Release|Win32
	EndGlobalSection
	GlobalSection(ProjectConfigurationPlatforms) = postSolution
		{B1046D54-AE5A-4024-828E-2E994681520E}.Debug|Win32.ActiveCfg = Debug|Win32
		{B1046D54-AE5A-4024-828E-2E994681520E}.Debug|Win32.Build.0 = Debug|Win32
		{B1046D54-AE5A-4024-828E-2E994681520E}.Release|Win32.ActiveCfg = Release|Win32
		{B1046D54-AE5A-4024-828E-2E994681520E}.Release|Win32.Build.0 = Release|Win32
	EndGlobalSection
	GlobalSection(SolutionProperties) = preSolution
		HideSolutionNode = FALSE
	EndGlobalSection
EndGlobal
