
Microsoft Visual Studio Solution File, Format Version 11.00
# Visual Studio 2010
Project("{8BC9CEB8-8B4A-11D0-8D11-00A0C91BC942}") = "2016_11_9_斐波那契数列 实验1", "2016_11_9_斐波那契数列 实验1.vcxproj", "{7AF12E7B-FBC7-4AF6-B6F0-E9A3860C1CAE}"
EndProject
Global
	GlobalSection(SolutionConfigurationPlatforms) = preSolution
		Debug|Win32 = Debug|Win32
		Release|Win32 = Release|Win32
	EndGlobalSection
	GlobalSection(ProjectConfigurationPlatforms) = postSolution
		{7AF12E7B-FBC7-4AF6-B6F0-E9A3860C1CAE}.Debug|Win32.ActiveCfg = Debug|Win32
		{7AF12E7B-FBC7-4AF6-B6F0-E9A3860C1CAE}.Debug|Win32.Build.0 = Debug|Win32
		{7AF12E7B-FBC7-4AF6-B6F0-E9A3860C1CAE}.Release|Win32.ActiveCfg = Release|Win32
		{7AF12E7B-FBC7-4AF6-B6F0-E9A3860C1CAE}.Release|Win32.Build.0 = Release|Win32
	EndGlobalSection
	GlobalSection(SolutionProperties) = preSolution
		HideSolutionNode = FALSE
	EndGlobalSection
EndGlobal
