
Microsoft Visual Studio Solution File, Format Version 11.00
# Visual Studio 2010
Project("{8BC9CEB8-8B4A-11D0-8D11-00A0C91BC942}") = "2016_12_16_告白代码 2", "2016_12_16_告白代码 2.vcxproj", "{DCD7986F-11B1-4845-98C9-F969769B7F50}"
EndProject
Global
	GlobalSection(SolutionConfigurationPlatforms) = preSolution
		Debug|Win32 = Debug|Win32
		Release|Win32 = Release|Win32
	EndGlobalSection
	GlobalSection(ProjectConfigurationPlatforms) = postSolution
		{DCD7986F-11B1-4845-98C9-F969769B7F50}.Debug|Win32.ActiveCfg = Debug|Win32
		{DCD7986F-11B1-4845-98C9-F969769B7F50}.Debug|Win32.Build.0 = Debug|Win32
		{DCD7986F-11B1-4845-98C9-F969769B7F50}.Release|Win32.ActiveCfg = Release|Win32
		{DCD7986F-11B1-4845-98C9-F969769B7F50}.Release|Win32.Build.0 = Release|Win32
	EndGlobalSection
	GlobalSection(SolutionProperties) = preSolution
		HideSolutionNode = FALSE
	EndGlobalSection
EndGlobal
